github.com/arandu-io/framework v0.10.0 h1:FDNn4TmDDmbNLjDWByRAHVmKStRn7W/7ThSHZTi/x4k=
github.com/arandu-io/framework v0.10.0/go.mod h1:mI+BwgaqxZh3j6GtnV2VdhUDa8UYgPm8rOcYS82/wyk=
golang.org/x/crypto v0.31.0 h1:ihbySMvVjLAeSH1IbfcRTkD/iNscyz8rGzjF/E5hV6U=
golang.org/x/crypto v0.31.0/go.mod h1:kDsLvtWBEx7MV9tJOj9bnXsPbxwJQ6csT/x4KIN4Ssk=
golang.org/x/sys v0.46.0 h1:noSf2Fq6F8DBgS+LysIkx7rIExoNHJsxOAtPp4rthXw=
golang.org/x/sys v0.46.0/go.mod h1:4GL1E5IUh+htKOUEOaiffhrAeqysfVGipDYzABqnCmw=
